
Microsoft Visual Studio Solution File, Format Version 12.00
# Visual Studio 15
VisualStudioVersion = 15.0.28010.2048
MinimumVisualStudioVersion = 10.0.40219.1
Project("{FAE04EC0-301F-11D3-BF4B-00C04F79EFBC}") = "RateYourBookApi", "RateYourBookApi\RateYourBookApi.csproj", "{ABF37807-AA74-4DDA-8287-70DEDB89BCBE}"
EndProject
Project("{FAE04EC0-301F-11D3-BF4B-00C04F79EFBC}") = "RateYourBook.Types", "Types\RateYourBook.Types.csproj", "{B9CE89A6-3376-4CF5-83B6-60EA350F8742}"
EndProject
Project("{FAE04EC0-301F-11D3-BF4B-00C04F79EFBC}") = "RateYourBook.Interfaces", "Interfaces\RateYourBook.Interfaces.csproj", "{25498917-FBCE-4866-84EF-522E8CB44AC8}"
EndProject
Project("{FAE04EC0-301F-11D3-BF4B-00C04F79EFBC}") = "RateYourBook.Services", "Services\RateYourBook.Services.csproj", "{F298DAA3-9DED-4F99-8946-8E33FBFEFD8B}"
EndProject
Project("{FAE04EC0-301F-11D3-BF4B-00C04F79EFBC}") = "RateYourBookFrontEnd", "RateYourBookFrontEnd\RateYourBookFrontEnd.csproj", "{BC6C6AC3-5C6E-4DAF-B76A-7191F99C987E}"
EndProject
Global
	GlobalSection(SolutionConfigurationPlatforms) = preSolution
		Debug|Any CPU = Debug|Any CPU
		Release|Any CPU = Release|Any CPU
	EndGlobalSection
	GlobalSection(ProjectConfigurationPlatforms) = postSolution
		{ABF37807-AA74-4DDA-8287-70DEDB89BCBE}.Debug|Any CPU.ActiveCfg = Debug|Any CPU
		{ABF37807-AA74-4DDA-8287-70DEDB89BCBE}.Debug|Any CPU.Build.0 = Debug|Any CPU
		{ABF37807-AA74-4DDA-8287-70DEDB89BCBE}.Release|Any CPU.ActiveCfg = Release|Any CPU
		{ABF37807-AA74-4DDA-8287-70DEDB89BCBE}.Release|Any CPU.Build.0 = Release|Any CPU
		{B9CE89A6-3376-4CF5-83B6-60EA350F8742}.Debug|Any CPU.ActiveCfg = Debug|Any CPU
		{B9CE89A6-3376-4CF5-83B6-60EA350F8742}.Debug|Any CPU.Build.0 = Debug|Any CPU
		{B9CE89A6-3376-4CF5-83B6-60EA350F8742}.Release|Any CPU.ActiveCfg = Release|Any CPU
		{B9CE89A6-3376-4CF5-83B6-60EA350F8742}.Release|Any CPU.Build.0 = Release|Any CPU
		{25498917-FBCE-4866-84EF-522E8CB44AC8}.Debug|Any CPU.ActiveCfg = Debug|Any CPU
		{25498917-FBCE-4866-84EF-522E8CB44AC8}.Debug|Any CPU.Build.0 = Debug|Any CPU
		{25498917-FBCE-4866-84EF-522E8CB44AC8}.Release|Any CPU.ActiveCfg = Release|Any CPU
		{25498917-FBCE-4866-84EF-522E8CB44AC8}.Release|Any CPU.Build.0 = Release|Any CPU
		{F298DAA3-9DED-4F99-8946-8E33FBFEFD8B}.Debug|Any CPU.ActiveCfg = Debug|Any CPU
		{F298DAA3-9DED-4F99-8946-8E33FBFEFD8B}.Debug|Any CPU.Build.0 = Debug|Any CPU
		{F298DAA3-9DED-4F99-8946-8E33FBFEFD8B}.Release|Any CPU.ActiveCfg = Release|Any CPU
		{F298DAA3-9DED-4F99-8946-8E33FBFEFD8B}.Release|Any CPU.Build.0 = Release|Any CPU
		{BC6C6AC3-5C6E-4DAF-B76A-7191F99C987E}.Debug|Any CPU.ActiveCfg = Debug|Any CPU
		{BC6C6AC3-5C6E-4DAF-B76A-7191F99C987E}.Debug|Any CPU.Build.0 = Debug|Any CPU
		{BC6C6AC3-5C6E-4DAF-B76A-7191F99C987E}.Release|Any CPU.ActiveCfg = Release|Any CPU
		{BC6C6AC3-5C6E-4DAF-B76A-7191F99C987E}.Release|Any CPU.Build.0 = Release|Any CPU
	EndGlobalSection
	GlobalSection(SolutionProperties) = preSolution
		HideSolutionNode = FALSE
	EndGlobalSection
	GlobalSection(ExtensibilityGlobals) = postSolution
		SolutionGuid = {BDE34609-FC5E-4AF5-A203-51676E5B5A96}
	EndGlobalSection
EndGlobal
